
Microsoft Visual Studio Solution File, Format Version 12.00
# Visual Studio Version 16
VisualStudioVersion = 16.0.30517.126
MinimumVisualStudioVersion = 10.0.40219.1
Project("{9A19103F-16F7-4668-BE54-9A1E7A4F7556}") = "RadioPlayer", "RadioPlayer\RadioPlayer.csproj", "{8802FF8E-7BA6-4FF9-BE20-91CFA261F57D}"
EndProject
Project("{9A19103F-16F7-4668-BE54-9A1E7A4F7556}") = "TestConsole", "TestConsole\TestConsole.csproj", "{0384B70D-7CBC-4077-BB63-D889B0941FED}"
EndProject
Global
	GlobalSection(SolutionConfigurationPlatforms) = preSolution
		Debug|Any CPU = Debug|Any CPU
		Release|Any CPU = Release|Any CPU
	EndGlobalSection
	GlobalSection(ProjectConfigurationPlatforms) = postSolution
		{8802FF8E-7BA6-4FF9-BE20-91CFA261F57D}.Debug|Any CPU.ActiveCfg = Debug|Any CPU
		{8802FF8E-7BA6-4FF9-BE20-91CFA261F57D}.Debug|Any CPU.Build.0 = Debug|Any CPU
		{8802FF8E-7BA6-4FF9-BE20-91CFA261F57D}.Release|Any CPU.ActiveCfg = Release|Any CPU
		{8802FF8E-7BA6-4FF9-BE20-91CFA261F57D}.Release|Any CPU.Build.0 = Release|Any CPU
		{0384B70D-7CBC-4077-BB63-D889B0941FED}.Debug|Any CPU.ActiveCfg = Debug|Any CPU
		{0384B70D-7CBC-4077-BB63-D889B0941FED}.Debug|Any CPU.Build.0 = Debug|Any CPU
		{0384B70D-7CBC-4077-BB63-D889B0941FED}.Release|Any CPU.ActiveCfg = Release|Any CPU
		{0384B70D-7CBC-4077-BB63-D889B0941FED}.Release|Any CPU.Build.0 = Release|Any CPU
	EndGlobalSection
	GlobalSection(SolutionProperties) = preSolution
		HideSolutionNode = FALSE
	EndGlobalSection
	GlobalSection(ExtensibilityGlobals) = postSolution
		SolutionGuid = {34BB8C1A-1C4B-4998-8BE2-3DFC71EC61BB}
	EndGlobalSection
EndGlobal
